// !$*UTF8*$!
{
	archiveVersion = 1;
	classes = {
	};
	objectVersion = 46;
	objects = {

/* Begin PBXBuildFile section */
		4701AE6B19FD7A9500F81F84 /* DataProvider.m in Sources */ = {isa = PBXBuildFile; fileRef = 4701AE6A19FD7A9500F81F84 /* DataProvider.m */; };
		47110ACC19ECCABD009AEFF6 /* Building.m in Sources */ = {isa = PBXBuildFile; fileRef = 47110ACB19ECCABD009AEFF6 /* Building.m */; };
		473AE8E21A22C15E00EE29F0 /* Constants.m in Sources */ = {isa = PBXBuildFile; fileRef = 473AE8E11A22C15E00EE29F0 /* Constants.m */; };
		473AE8E81A2C330400EE29F0 /* FoodData.m in Sources */ = {isa = PBXBuildFile; fileRef = 473AE8E71A2C330400EE29F0 /* FoodData.m */; };
		473AE8EC1A2C37D700EE29F0 /* FoodDataFetcher.m in Sources */ = {isa = PBXBuildFile; fileRef = 473AE8EB1A2C37D700EE29F0 /* FoodDataFetcher.m */; };
		47491AF01A3E911E00F68EED /* NSString+HTML.m in Sources */ = {isa = PBXBuildFile; fileRef = 47491AEF1A3E911E00F68EED /* NSString+HTML.m */; };
		47491AF31A3E913B00F68EED /* GTMNSString+HTML.m in Sources */ = {isa = PBXBuildFile; fileRef = 47491AF21A3E913B00F68EED /* GTMNSString+HTML.m */; };
		475ED4321A0737B40033F485 /* PopupView.m in Sources */ = {isa = PBXBuildFile; fileRef = 475ED4311A0737B40033F485 /* PopupView.m */; };
		47A7103C1A1A66300050B715 /* UIImageEffects.m in Sources */ = {isa = PBXBuildFile; fileRef = 47A7103B1A1A66300050B715 /* UIImageEffects.m */; };
		47C7892B19F9FF4900C90436 /* MainViewController.m in Sources */ = {isa = PBXBuildFile; fileRef = 47C7892A19F9FF4900C90436 /* MainViewController.m */; };
		47D854531A2D4CD7004D7BCB /* FoodDetailsView.m in Sources */ = {isa = PBXBuildFile; fileRef = 47D854521A2D4CD7004D7BCB /* FoodDetailsView.m */; };
		47D854551A2D4CEB004D7BCB /* FoodDetailsView.xib in Resources */ = {isa = PBXBuildFile; fileRef = 47D854541A2D4CEB004D7BCB /* FoodDetailsView.xib */; };
		47D8545F1A36854F004D7BCB /* FoodCell.xib in Resources */ = {isa = PBXBuildFile; fileRef = 47D8545E1A36854F004D7BCB /* FoodCell.xib */; };
		47D854621A36AB2A004D7BCB /* FoodCell.m in Sources */ = {isa = PBXBuildFile; fileRef = 47D854611A36AB2A004D7BCB /* FoodCell.m */; };
		47F37CCB19DCE4C6009577E9 /* Foundation.framework in Frameworks */ = {isa = PBXBuildFile; fileRef = 47F37CCA19DCE4C6009577E9 /* Foundation.framework */; };
		47F37CCD19DCE4C6009577E9 /* CoreGraphics.framework in Frameworks */ = {isa = PBXBuildFile; fileRef = 47F37CCC19DCE4C6009577E9 /* CoreGraphics.framework */; };
		47F37CCF19DCE4C6009577E9 /* UIKit.framework in Frameworks */ = {isa = PBXBuildFile; fileRef = 47F37CCE19DCE4C6009577E9 /* UIKit.framework */; };
		47F37CD519DCE4C6009577E9 /* InfoPlist.strings in Resources */ = {isa = PBXBuildFile; fileRef = 47F37CD319DCE4C6009577E9 /* InfoPlist.strings */; };
		47F37CD719DCE4C6009577E9 /* main.m in Sources */ = {isa = PBXBuildFile; fileRef = 47F37CD619DCE4C6009577E9 /* main.m */; };
		47F37CDB19DCE4C6009577E9 /* AppDelegate.m in Sources */ = {isa = PBXBuildFile; fileRef = 47F37CDA19DCE4C6009577E9 /* AppDelegate.m */; };
		47F37CDE19DCE4C6009577E9 /* Main.storyboard in Resources */ = {isa = PBXBuildFile; fileRef = 47F37CDC19DCE4C6009577E9 /* Main.storyboard */; };
		47F37CE119DCE4C6009577E9 /* MapViewController.m in Sources */ = {isa = PBXBuildFile; fileRef = 47F37CE019DCE4C6009577E9 /* MapViewController.m */; };
		47F37CE419DCE4C6009577E9 /* BuildingListViewController.m in Sources */ = {isa = PBXBuildFile; fileRef = 47F37CE319DCE4C6009577E9 /* BuildingListViewController.m */; };
		47F37CE619DCE4C6009577E9 /* Images.xcassets in Resources */ = {isa = PBXBuildFile; fileRef = 47F37CE519DCE4C6009577E9 /* Images.xcassets */; };
		47F37CED19DCE4C6009577E9 /* XCTest.framework in Frameworks */ = {isa = PBXBuildFile; fileRef = 47F37CEC19DCE4C6009577E9 /* XCTest.framework */; };
		47F37CEE19DCE4C6009577E9 /* Foundation.framework in Frameworks */ = {isa = PBXBuildFile; fileRef = 47F37CCA19DCE4C6009577E9 /* Foundation.framework */; };
		47F37CEF19DCE4C6009577E9 /* UIKit.framework in Frameworks */ = {isa = PBXBuildFile; fileRef = 47F37CCE19DCE4C6009577E9 /* UIKit.framework */; };
		47F37CF719DCE4C6009577E9 /* InfoPlist.strings in Resources */ = {isa = PBXBuildFile; fileRef = 47F37CF519DCE4C6009577E9 /* InfoPlist.strings */; };
		47F37CF919DCE4C6009577E9 /* UWMapTests.m in Sources */ = {isa = PBXBuildFile; fileRef = 47F37CF819DCE4C6009577E9 /* UWMapTests.m */; };
/* End PBXBuildFile section */

/* Begin PBXContainerItemProxy section */
		47F37CF019DCE4C6009577E9 /* PBXContainerItemProxy */ = {
			isa = PBXContainerItemProxy;
			containerPortal = 47F37CBF19DCE4C6009577E9 /* Project object */;
			proxyType = 1;
			remoteGlobalIDString = 47F37CC619DCE4C6009577E9;
			remoteInfo = UWMap;
		};
/* End PBXContainerItemProxy section */

/* Begin PBXFileReference section */
		4701AE6919FD7A9500F81F84 /* DataProvider.h */ = {isa = PBXFileReference; fileEncoding = 4; lastKnownFileType = sourcecode.c.h; path = DataProvider.h; sourceTree = "<group>"; };
		4701AE6A19FD7A9500F81F84 /* DataProvider.m */ = {isa = PBXFileReference; fileEncoding = 4; lastKnownFileType = sourcecode.c.objc; path = DataProvider.m; sourceTree = "<group>"; };
		47110ACA19ECCABD009AEFF6 /* Building.h */ = {isa = PBXFileReference; fileEncoding = 4; lastKnownFileType = sourcecode.c.h; path = Building.h; sourceTree = "<group>"; };
		47110ACB19ECCABD009AEFF6 /* Building.m */ = {isa = PBXFileReference; fileEncoding = 4; lastKnownFileType = sourcecode.c.objc; path = Building.m; sourceTree = "<group>"; };
		473AE8E01A22C15E00EE29F0 /* Constants.h */ = {isa = PBXFileReference; fileEncoding = 4; lastKnownFileType = sourcecode.c.h; path = Constants.h; sourceTree = "<group>"; };
		473AE8E11A22C15E00EE29F0 /* Constants.m */ = {isa = PBXFileReference; fileEncoding = 4; lastKnownFileType = sourcecode.c.objc; path = Constants.m; sourceTree = "<group>"; };
		473AE8E61A2C330400EE29F0 /* FoodData.h */ = {isa = PBXFileReference; fileEncoding = 4; lastKnownFileType = sourcecode.c.h; path = FoodData.h; sourceTree = "<group>"; };
		473AE8E71A2C330400EE29F0 /* FoodData.m */ = {isa = PBXFileReference; fileEncoding = 4; lastKnownFileType = sourcecode.c.objc; path = FoodData.m; sourceTree = "<group>"; };
		473AE8EA1A2C37D700EE29F0 /* FoodDataFetcher.h */ = {isa = PBXFileReference; fileEncoding = 4; lastKnownFileType = sourcecode.c.h; path = FoodDataFetcher.h; sourceTree = "<group>"; };
		473AE8EB1A2C37D700EE29F0 /* FoodDataFetcher.m */ = {isa = PBXFileReference; fileEncoding = 4; lastKnownFileType = sourcecode.c.objc; path = FoodDataFetcher.m; sourceTree = "<group>"; };
		47491AEE1A3E911E00F68EED /* NSString+HTML.h */ = {isa = PBXFileReference; fileEncoding = 4; lastKnownFileType = sourcecode.c.h; path = "NSString+HTML.h"; sourceTree = "<group>"; };
		47491AEF1A3E911E00F68EED /* NSString+HTML.m */ = {isa = PBXFileReference; fileEncoding = 4; lastKnownFileType = sourcecode.c.objc; path = "NSString+HTML.m"; sourceTree = "<group>"; };
		47491AF11A3E913B00F68EED /* GTMNSString+HTML.h */ = {isa = PBXFileReference; fileEncoding = 4; lastKnownFileType = sourcecode.c.h; path = "GTMNSString+HTML.h"; sourceTree = "<group>"; };
		47491AF21A3E913B00F68EED /* GTMNSString+HTML.m */ = {isa = PBXFileReference; fileEncoding = 4; lastKnownFileType = sourcecode.c.objc; path = "GTMNSString+HTML.m"; sourceTree = "<group>"; };
		475ED4301A0737B40033F485 /* PopupView.h */ = {isa = PBXFileReference; fileEncoding = 4; lastKnownFileType = sourcecode.c.h; path = PopupView.h; sourceTree = "<group>"; };
		475ED4311A0737B40033F485 /* PopupView.m */ = {isa = PBXFileReference; fileEncoding = 4; lastKnownFileType = sourcecode.c.objc; path = PopupView.m; sourceTree = "<group>"; };
		47A7103A1A1A66300050B715 /* UIImageEffects.h */ = {isa = PBXFileReference; fileEncoding = 4; lastKnownFileType = sourcecode.c.h; path = UIImageEffects.h; sourceTree = "<group>"; };
		47A7103B1A1A66300050B715 /* UIImageEffects.m */ = {isa = PBXFileReference; fileEncoding = 4; lastKnownFileType = sourcecode.c.objc; path = UIImageEffects.m; sourceTree = "<group>"; };
		47C7892919F9FF4900C90436 /* MainViewController.h */ = {isa = PBXFileReference; fileEncoding = 4; lastKnownFileType = sourcecode.c.h; path = MainViewController.h; sourceTree = "<group>"; };
		47C7892A19F9FF4900C90436 /* MainViewController.m */ = {isa = PBXFileReference; fileEncoding = 4; lastKnownFileType = sourcecode.c.objc; path = MainViewController.m; sourceTree = "<group>"; };
		47D854511A2D4CD7004D7BCB /* FoodDetailsView.h */ = {isa = PBXFileReference; fileEncoding = 4; lastKnownFileType = sourcecode.c.h; path = FoodDetailsView.h; sourceTree = "<group>"; };
		47D854521A2D4CD7004D7BCB /* FoodDetailsView.m */ = {isa = PBXFileReference; fileEncoding = 4; lastKnownFileType = sourcecode.c.objc; path = FoodDetailsView.m; sourceTree = "<group>"; };
		47D854541A2D4CEB004D7BCB /* FoodDetailsView.xib */ = {isa = PBXFileReference; fileEncoding = 4; lastKnownFileType = file.xib; path = FoodDetailsView.xib; sourceTree = "<group>"; };
		47D8545E1A36854F004D7BCB /* FoodCell.xib */ = {isa = PBXFileReference; fileEncoding = 4; lastKnownFileType = file.xib; path = FoodCell.xib; sourceTree = "<group>"; };
		47D854601A36AB2A004D7BCB /* FoodCell.h */ = {isa = PBXFileReference; fileEncoding = 4; lastKnownFileType = sourcecode.c.h; path = FoodCell.h; sourceTree = "<group>"; };
		47D854611A36AB2A004D7BCB /* FoodCell.m */ = {isa = PBXFileReference; fileEncoding = 4; lastKnownFileType = sourcecode.c.objc; path = FoodCell.m; sourceTree = "<group>"; };
		47D854641A376BFA004D7BCB /* OpenSans-Bold.ttf */ = {isa = PBXFileReference; lastKnownFileType = file; name = "OpenSans-Bold.ttf"; path = "../../../Downloads/Open_Sans/OpenSans-Bold.ttf"; sourceTree = "<group>"; };
		47D854651A376BFA004D7BCB /* OpenSans-BoldItalic.ttf */ = {isa = PBXFileReference; lastKnownFileType = file; name = "OpenSans-BoldItalic.ttf"; path = "../../../Downloads/Open_Sans/OpenSans-BoldItalic.ttf"; sourceTree = "<group>"; };
		47D854661A376BFA004D7BCB /* OpenSans-ExtraBold.ttf */ = {isa = PBXFileReference; lastKnownFileType = file; name = "OpenSans-ExtraBold.ttf"; path = "../../../Downloads/Open_Sans/OpenSans-ExtraBold.ttf"; sourceTree = "<group>"; };
		47D854671A376BFA004D7BCB /* OpenSans-ExtraBoldItalic.ttf */ = {isa = PBXFileReference; lastKnownFileType = file; name = "OpenSans-ExtraBoldItalic.ttf"; path = "../../../Downloads/Open_Sans/OpenSans-ExtraBoldItalic.ttf"; sourceTree = "<group>"; };
		47D854681A376BFA004D7BCB /* OpenSans-Italic.ttf */ = {isa = PBXFileReference; lastKnownFileType = file; name = "OpenSans-Italic.ttf"; path = "../../../Downloads/Open_Sans/OpenSans-Italic.ttf"; sourceTree = "<group>"; };
		47D854691A376BFA004D7BCB /* OpenSans-Light.ttf */ = {isa = PBXFileReference; lastKnownFileType = file; name = "OpenSans-Light.ttf"; path = "../../../Downloads/Open_Sans/OpenSans-Light.ttf"; sourceTree = "<group>"; };
		47D8546A1A376BFA004D7BCB /* OpenSans-LightItalic.ttf */ = {isa = PBXFileReference; lastKnownFileType = file; name = "OpenSans-LightItalic.ttf"; path = "../../../Downloads/Open_Sans/OpenSans-LightItalic.ttf"; sourceTree = "<group>"; };
		47D8546B1A376BFA004D7BCB /* OpenSans-Regular.ttf */ = {isa = PBXFileReference; lastKnownFileType = file; name = "OpenSans-Regular.ttf"; path = "../../../Downloads/Open_Sans/OpenSans-Regular.ttf"; sourceTree = "<group>"; };
		47D8546C1A376BFA004D7BCB /* OpenSans-Semibold.ttf */ = {isa = PBXFileReference; lastKnownFileType = file; name = "OpenSans-Semibold.ttf"; path = "../../../Downloads/Open_Sans/OpenSans-Semibold.ttf"; sourceTree = "<group>"; };
		47D8546D1A376BFA004D7BCB /* OpenSans-SemiboldItalic.ttf */ = {isa = PBXFileReference; lastKnownFileType = file; name = "OpenSans-SemiboldItalic.ttf"; path = "../../../Downloads/Open_Sans/OpenSans-SemiboldItalic.ttf"; sourceTree = "<group>"; };
		47F37CC719DCE4C6009577E9 /* UWMap.app */ = {isa = PBXFileReference; explicitFileType = wrapper.application; includeInIndex = 0; path = UWMap.app; sourceTree = BUILT_PRODUCTS_DIR; };
		47F37CCA19DCE4C6009577E9 /* Foundation.framework */ = {isa = PBXFileReference; lastKnownFileType = wrapper.framework; name = Foundation.framework; path = System/Library/Frameworks/Foundation.framework; sourceTree = SDKROOT; };
		47F37CCC19DCE4C6009577E9 /* CoreGraphics.framework */ = {isa = PBXFileReference; lastKnownFileType = wrapper.framework; name = CoreGraphics.framework; path = System/Library/Frameworks/CoreGraphics.framework; sourceTree = SDKROOT; };
		47F37CCE19DCE4C6009577E9 /* UIKit.framework */ = {isa = PBXFileReference; lastKnownFileType = wrapper.framework; name = UIKit.framework; path = System/Library/Frameworks/UIKit.framework; sourceTree = SDKROOT; };
		47F37CD219DCE4C6009577E9 /* UWMap-Info.plist */ = {isa = PBXFileReference; lastKnownFileType = text.plist.xml; path = "UWMap-Info.plist"; sourceTree = "<group>"; };
		47F37CD419DCE4C6009577E9 /* en */ = {isa = PBXFileReference; lastKnownFileType = text.plist.strings; name = en; path = en.lproj/InfoPlist.strings; sourceTree = "<group>"; };
		47F37CD619DCE4C6009577E9 /* main.m */ = {isa = PBXFileReference; lastKnownFileType = sourcecode.c.objc; path = main.m; sourceTree = "<group>"; };
		47F37CD819DCE4C6009577E9 /* UWMap-Prefix.pch */ = {isa = PBXFileReference; lastKnownFileType = sourcecode.c.h; path = "UWMap-Prefix.pch"; sourceTree = "<group>"; };
		47F37CD919DCE4C6009577E9 /* AppDelegate.h */ = {isa = PBXFileReference; lastKnownFileType = sourcecode.c.h; path = AppDelegate.h; sourceTree = "<group>"; };
		47F37CDA19DCE4C6009577E9 /* AppDelegate.m */ = {isa = PBXFileReference; lastKnownFileType = sourcecode.c.objc; path = AppDelegate.m; sourceTree = "<group>"; };
		47F37CDD19DCE4C6009577E9 /* Base */ = {isa = PBXFileReference; lastKnownFileType = file.storyboard; name = Base; path = Base.lproj/Main.storyboard; sourceTree = "<group>"; };
		47F37CDF19DCE4C6009577E9 /* MapViewController.h */ = {isa = PBXFileReference; lastKnownFileType = sourcecode.c.h; path = MapViewController.h; sourceTree = "<group>"; };
		47F37CE019DCE4C6009577E9 /* MapViewController.m */ = {isa = PBXFileReference; lastKnownFileType = sourcecode.c.objc; path = MapViewController.m; sourceTree = "<group>"; };
		47F37CE219DCE4C6009577E9 /* BuildingListViewController.h */ = {isa = PBXFileReference; lastKnownFileType = sourcecode.c.h; path = BuildingListViewController.h; sourceTree = "<group>"; };
		47F37CE319DCE4C6009577E9 /* BuildingListViewController.m */ = {isa = PBXFileReference; lastKnownFileType = sourcecode.c.objc; path = BuildingListViewController.m; sourceTree = "<group>"; };
		47F37CE519DCE4C6009577E9 /* Images.xcassets */ = {isa = PBXFileReference; lastKnownFileType = folder.assetcatalog; path = Images.xcassets; sourceTree = "<group>"; };
		47F37CEB19DCE4C6009577E9 /* UWMapTests.xctest */ = {isa = PBXFileReference; explicitFileType = wrapper.cfbundle; includeInIndex = 0; path = UWMapTests.xctest; sourceTree = BUILT_PRODUCTS_DIR; };
		47F37CEC19DCE4C6009577E9 /* XCTest.framework */ = {isa = PBXFileReference; lastKnownFileType = wrapper.framework; name = XCTest.framework; path = Library/Frameworks/XCTest.framework; sourceTree = DEVELOPER_DIR; };
		47F37CF419DCE4C6009577E9 /* UWMapTests-Info.plist */ = {isa = PBXFileReference; lastKnownFileType = text.plist.xml; path = "UWMapTests-Info.plist"; sourceTree = "<group>"; };
		47F37CF619DCE4C6009577E9 /* en */ = {isa = PBXFileReference; lastKnownFileType = text.plist.strings; name = en; path = en.lproj/InfoPlist.strings; sourceTree = "<group>"; };
		47F37CF819DCE4C6009577E9 /* UWMapTests.m */ = {isa = PBXFileReference; lastKnownFileType = sourcecode.c.objc; path = UWMapTests.m; sourceTree = "<group>"; };
/* End PBXFileReference section */

/* Begin PBXFrameworksBuildPhase section */
		47F37CC419DCE4C6009577E9 /* Frameworks */ = {
			isa = PBXFrameworksBuildPhase;
			buildActionMask = 2147483647;
			files = (
				47F37CCF19DCE4C6009577E9 /* UIKit.framework in Frameworks */,
				47F37CCD19DCE4C6009577E9 /* CoreGraphics.framework in Frameworks */,
				47F37CCB19DCE4C6009577E9 /* Foundation.framework in Frameworks */,
			);
			runOnlyForDeploymentPostprocessing = 0;
		};
		47F37CE819DCE4C6009577E9 /* Frameworks */ = {
			isa = PBXFrameworksBuildPhase;
			buildActionMask = 2147483647;
			files = (
				47F37CED19DCE4C6009577E9 /* XCTest.framework in Frameworks */,
				47F37CEF19DCE4C6009577E9 /* UIKit.framework in Frameworks */,
				47F37CEE19DCE4C6009577E9 /* Foundation.framework in Frameworks */,
			);
			runOnlyForDeploymentPostprocessing = 0;
		};
/* End PBXFrameworksBuildPhase section */

/* Begin PBXGroup section */
		47110AC919ECC582009AEFF6 /* Data */ = {
			isa = PBXGroup;
			children = (
				47110ACA19ECCABD009AEFF6 /* Building.h */,
				47110ACB19ECCABD009AEFF6 /* Building.m */,
				4701AE6919FD7A9500F81F84 /* DataProvider.h */,
				4701AE6A19FD7A9500F81F84 /* DataProvider.m */,
				473AE8E61A2C330400EE29F0 /* FoodData.h */,
				473AE8E71A2C330400EE29F0 /* FoodData.m */,
			);
			name = Data;
			sourceTree = "<group>";
		};
		473AE8E91A2C37A900EE29F0 /* Networking */ = {
			isa = PBXGroup;
			children = (
				473AE8EA1A2C37D700EE29F0 /* FoodDataFetcher.h */,
				473AE8EB1A2C37D700EE29F0 /* FoodDataFetcher.m */,
			);
			name = Networking;
			sourceTree = "<group>";
		};
		47491AD91A3E88D100F68EED /* HTML Parser */ = {
			isa = PBXGroup;
			children = (
				47491AEE1A3E911E00F68EED /* NSString+HTML.h */,
				47491AEF1A3E911E00F68EED /* NSString+HTML.m */,
				47491AF11A3E913B00F68EED /* GTMNSString+HTML.h */,
				47491AF21A3E913B00F68EED /* GTMNSString+HTML.m */,
			);
			name = "HTML Parser";
			sourceTree = "<group>";
		};
		47A710391A1A661F0050B715 /* ImageEffects */ = {
			isa = PBXGroup;
			children = (
				47A7103A1A1A66300050B715 /* UIImageEffects.h */,
				47A7103B1A1A66300050B715 /* UIImageEffects.m */,
			);
			name = ImageEffects;
			sourceTree = "<group>";
		};
		47D8544D1A2D4C44004D7BCB /* Views */ = {
			isa = PBXGroup;
			children = (
				475ED4301A0737B40033F485 /* PopupView.h */,
				475ED4311A0737B40033F485 /* PopupView.m */,
				47D854511A2D4CD7004D7BCB /* FoodDetailsView.h */,
				47D854521A2D4CD7004D7BCB /* FoodDetailsView.m */,
				47D854541A2D4CEB004D7BCB /* FoodDetailsView.xib */,
			);
			name = Views;
			sourceTree = "<group>";
		};
		47D854561A2E45F6004D7BCB /* Constants */ = {
			isa = PBXGroup;
			children = (
				473AE8E01A22C15E00EE29F0 /* Constants.h */,
				473AE8E11A22C15E00EE29F0 /* Constants.m */,
			);
			name = Constants;
			sourceTree = "<group>";
		};
		47D8545A1A35FE28004D7BCB /* FoodCell */ = {
			isa = PBXGroup;
			children = (
				47D8545E1A36854F004D7BCB /* FoodCell.xib */,
				47D854601A36AB2A004D7BCB /* FoodCell.h */,
				47D854611A36AB2A004D7BCB /* FoodCell.m */,
			);
			name = FoodCell;
			sourceTree = "<group>";
		};
		47D854631A376BE8004D7BCB /* Fonts */ = {
			isa = PBXGroup;
			children = (
				47D854641A376BFA004D7BCB /* OpenSans-Bold.ttf */,
				47D854651A376BFA004D7BCB /* OpenSans-BoldItalic.ttf */,
				47D854661A376BFA004D7BCB /* OpenSans-ExtraBold.ttf */,
				47D854671A376BFA004D7BCB /* OpenSans-ExtraBoldItalic.ttf */,
				47D854681A376BFA004D7BCB /* OpenSans-Italic.ttf */,
				47D854691A376BFA004D7BCB /* OpenSans-Light.ttf */,
				47D8546A1A376BFA004D7BCB /* OpenSans-LightItalic.ttf */,
				47D8546B1A376BFA004D7BCB /* OpenSans-Regular.ttf */,
				47D8546C1A376BFA004D7BCB /* OpenSans-Semibold.ttf */,
				47D8546D1A376BFA004D7BCB /* OpenSans-SemiboldItalic.ttf */,
			);
			name = Fonts;
			sourceTree = "<group>";
		};
		47F37CBE19DCE4C6009577E9 = {
			isa = PBXGroup;
			children = (
				47F37CD019DCE4C6009577E9 /* UWMap */,
				47F37CF219DCE4C6009577E9 /* UWMapTests */,
				47F37CC919DCE4C6009577E9 /* Frameworks */,
				47F37CC819DCE4C6009577E9 /* Products */,
			);
			sourceTree = "<group>";
		};
		47F37CC819DCE4C6009577E9 /* Products */ = {
			isa = PBXGroup;
			children = (
				47F37CC719DCE4C6009577E9 /* UWMap.app */,
				47F37CEB19DCE4C6009577E9 /* UWMapTests.xctest */,
			);
			name = Products;
			sourceTree = "<group>";
		};
		47F37CC919DCE4C6009577E9 /* Frameworks */ = {
			isa = PBXGroup;
			children = (
				47F37CCA19DCE4C6009577E9 /* Foundation.framework */,
				47F37CCC19DCE4C6009577E9 /* CoreGraphics.framework */,
				47F37CCE19DCE4C6009577E9 /* UIKit.framework */,
				47F37CEC19DCE4C6009577E9 /* XCTest.framework */,
			);
			name = Frameworks;
			sourceTree = "<group>";
		};
		47F37CD019DCE4C6009577E9 /* UWMap */ = {
			isa = PBXGroup;
			children = (
				47D854631A376BE8004D7BCB /* Fonts */,
				47D8545A1A35FE28004D7BCB /* FoodCell */,
				47D854561A2E45F6004D7BCB /* Constants */,
				47D8544D1A2D4C44004D7BCB /* Views */,
				473AE8E91A2C37A900EE29F0 /* Networking */,
				47A710391A1A661F0050B715 /* ImageEffects */,
				47110AC919ECC582009AEFF6 /* Data */,
				47F37D0219DCEBCE009577E9 /* View Controllers */,
				47F37CD919DCE4C6009577E9 /* AppDelegate.h */,
				47F37CDA19DCE4C6009577E9 /* AppDelegate.m */,
				47F37CDC19DCE4C6009577E9 /* Main.storyboard */,
				47F37CE519DCE4C6009577E9 /* Images.xcassets */,
				47491AD91A3E88D100F68EED /* HTML Parser */,
				47F37CD119DCE4C6009577E9 /* Supporting Files */,
			);
			path = UWMap;
			sourceTree = "<group>";
		};
		47F37CD119DCE4C6009577E9 /* Supporting Files */ = {
			isa = PBXGroup;
			children = (
				47F37CD219DCE4C6009577E9 /* UWMap-Info.plist */,
				47F37CD319DCE4C6009577E9 /* InfoPlist.strings */,
				47F37CD619DCE4C6009577E9 /* main.m */,
				47F37CD819DCE4C6009577E9 /* UWMap-Prefix.pch */,
			);
			name = "Supporting Files";
			sourceTree = "<group>";
		};
		47F37CF219DCE4C6009577E9 /* UWMapTests */ = {
			isa = PBXGroup;
			children = (
				47F37CF819DCE4C6009577E9 /* UWMapTests.m */,
				47F37CF319DCE4C6009577E9 /* Supporting Files */,
			);
			path = UWMapTests;
			sourceTree = "<group>";
		};
		47F37CF319DCE4C6009577E9 /* Supporting Files */ = {
			isa = PBXGroup;
			children = (
				47F37CF419DCE4C6009577E9 /* UWMapTests-Info.plist */,
				47F37CF519DCE4C6009577E9 /* InfoPlist.strings */,
			);
			name = "Supporting Files";
			sourceTree = "<group>";
		};
		47F37D0219DCEBCE009577E9 /* View Controllers */ = {
			isa = PBXGroup;
			children = (
				47F37CDF19DCE4C6009577E9 /* MapViewController.h */,
				47F37CE019DCE4C6009577E9 /* MapViewController.m */,
				47F37CE219DCE4C6009577E9 /* BuildingListViewController.h */,
				47F37CE319DCE4C6009577E9 /* BuildingListViewController.m */,
				47C7892919F9FF4900C90436 /* MainViewController.h */,
				47C7892A19F9FF4900C90436 /* MainViewController.m */,
			);
			name = "View Controllers";
			sourceTree = "<group>";
		};
/* End PBXGroup section */

/* Begin PBXNativeTarget section */
		47F37CC619DCE4C6009577E9 /* UWMap */ = {
			isa = PBXNativeTarget;
			buildConfigurationList = 47F37CFC19DCE4C6009577E9 /* Build configuration list for PBXNativeTarget "UWMap" */;
			buildPhases = (
				47F37CC319DCE4C6009577E9 /* Sources */,
				47F37CC419DCE4C6009577E9 /* Frameworks */,
				47F37CC519DCE4C6009577E9 /* Resources */,
			);
			buildRules = (
			);
			dependencies = (
			);
			name = UWMap;
			productName = UWMap;
			productReference = 47F37CC719DCE4C6009577E9 /* UWMap.app */;
			productType = "com.apple.product-type.application";
		};
		47F37CEA19DCE4C6009577E9 /* UWMapTests */ = {
			isa = PBXNativeTarget;
			buildConfigurationList = 47F37CFF19DCE4C6009577E9 /* Build configuration list for PBXNativeTarget "UWMapTests" */;
			buildPhases = (
				47F37CE719DCE4C6009577E9 /* Sources */,
				47F37CE819DCE4C6009577E9 /* Frameworks */,
				47F37CE919DCE4C6009577E9 /* Resources */,
			);
			buildRules = (
			);
			dependencies = (
				47F37CF119DCE4C6009577E9 /* PBXTargetDependency */,
			);
			name = UWMapTests;
			productName = UWMapTests;
			productReference = 47F37CEB19DCE4C6009577E9 /* UWMapTests.xctest */;
			productType = "com.apple.product-type.bundle.unit-test";
		};
/* End PBXNativeTarget section */

/* Begin PBXProject section */
		47F37CBF19DCE4C6009577E9 /* Project object */ = {
			isa = PBXProject;
			attributes = {
				LastUpgradeCheck = 0510;
				ORGANIZATIONNAME = "Joanne Deng";
				TargetAttributes = {
					47F37CC619DCE4C6009577E9 = {
						DevelopmentTeam = 83B7LK4U2V;
					};
					47F37CEA19DCE4C6009577E9 = {
						TestTargetID = 47F37CC619DCE4C6009577E9;
					};
				};
			};
			buildConfigurationList = 47F37CC219DCE4C6009577E9 /* Build configuration list for PBXProject "UWMap" */;
			compatibilityVersion = "Xcode 3.2";
			developmentRegion = English;
			hasScannedForEncodings = 0;
			knownRegions = (
				en,
				Base,
			);
			mainGroup = 47F37CBE19DCE4C6009577E9;
			productRefGroup = 47F37CC819DCE4C6009577E9 /* Products */;
			projectDirPath = "";
			projectRoot = "";
			targets = (
				47F37CC619DCE4C6009577E9 /* UWMap */,
				47F37CEA19DCE4C6009577E9 /* UWMapTests */,
			);
		};
/* End PBXProject section */

/* Begin PBXResourcesBuildPhase section */
		47F37CC519DCE4C6009577E9 /* Resources */ = {
			isa = PBXResourcesBuildPhase;
			buildActionMask = 2147483647;
			files = (
				47F37CE619DCE4C6009577E9 /* Images.xcassets in Resources */,
				47D854551A2D4CEB004D7BCB /* FoodDetailsView.xib in Resources */,
				47D8545F1A36854F004D7BCB /* FoodCell.xib in Resources */,
				47F37CD519DCE4C6009577E9 /* InfoPlist.strings in Resources */,
				47F37CDE19DCE4C6009577E9 /* Main.storyboard in Resources */,
			);
			runOnlyForDeploymentPostprocessing = 0;
		};
		47F37CE919DCE4C6009577E9 /* Resources */ = {
			isa = PBXResourcesBuildPhase;
			buildActionMask = 2147483647;
			files = (
				47F37CF719DCE4C6009577E9 /* InfoPlist.strings in Resources */,
			);
			runOnlyForDeploymentPostprocessing = 0;
		};
/* End PBXResourcesBuildPhase section */

/* Begin PBXSourcesBuildPhase section */
		47F37CC319DCE4C6009577E9 /* Sources */ = {
			isa = PBXSourcesBuildPhase;
			buildActionMask = 2147483647;
			files = (
				473AE8E81A2C330400EE29F0 /* FoodData.m in Sources */,
				47F37CE419DCE4C6009577E9 /* BuildingListViewController.m in Sources */,
				47F37CDB19DCE4C6009577E9 /* AppDelegate.m in Sources */,
				473AE8EC1A2C37D700EE29F0 /* FoodDataFetcher.m in Sources */,
				47C7892B19F9FF4900C90436 /* MainViewController.m in Sources */,
				47F37CE119DCE4C6009577E9 /* MapViewController.m in Sources */,
				47F37CD719DCE4C6009577E9 /* main.m in Sources */,
				47491AF01A3E911E00F68EED /* NSString+HTML.m in Sources */,
				473AE8E21A22C15E00EE29F0 /* Constants.m in Sources */,
				475ED4321A0737B40033F485 /* PopupView.m in Sources */,
				47A7103C1A1A66300050B715 /* UIImageEffects.m in Sources */,
				47D854531A2D4CD7004D7BCB /* FoodDetailsView.m in Sources */,
				4701AE6B19FD7A9500F81F84 /* DataProvider.m in Sources */,
				47491AF31A3E913B00F68EED /* GTMNSString+HTML.m in Sources */,
				47110ACC19ECCABD009AEFF6 /* Building.m in Sources */,
				47D854621A36AB2A004D7BCB /* FoodCell.m in Sources */,
			);
			runOnlyForDeploymentPostprocessing = 0;
		};
		47F37CE719DCE4C6009577E9 /* Sources */ = {
			isa = PBXSourcesBuildPhase;
			buildActionMask = 2147483647;
			files = (
				47F37CF919DCE4C6009577E9 /* UWMapTests.m in Sources */,
			);
			runOnlyForDeploymentPostprocessing = 0;
		};
/* End PBXSourcesBuildPhase section */

/* Begin PBXTargetDependency section */
		47F37CF119DCE4C6009577E9 /* PBXTargetDependency */ = {
			isa = PBXTargetDependency;
			target = 47F37CC619DCE4C6009577E9 /* UWMap */;
			targetProxy = 47F37CF019DCE4C6009577E9 /* PBXContainerItemProxy */;
		};
/* End PBXTargetDependency section */

/* Begin PBXVariantGroup section */
		47F37CD319DCE4C6009577E9 /* InfoPlist.strings */ = {
			isa = PBXVariantGroup;
			children = (
				47F37CD419DCE4C6009577E9 /* en */,
			);
			name = InfoPlist.strings;
			sourceTree = "<group>";
		};
		47F37CDC19DCE4C6009577E9 /* Main.storyboard */ = {
			isa = PBXVariantGroup;
			children = (
				47F37CDD19DCE4C6009577E9 /* Base */,
			);
			name = Main.storyboard;
			sourceTree = "<group>";
		};
		47F37CF519DCE4C6009577E9 /* InfoPlist.strings */ = {
			isa = PBXVariantGroup;
			children = (
				47F37CF619DCE4C6009577E9 /* en */,
			);
			name = InfoPlist.strings;
			sourceTree = "<group>";
		};
/* End PBXVariantGroup section */

/* Begin XCBuildConfiguration section */
		47F37CFA19DCE4C6009577E9 /* Debug */ = {
			isa = XCBuildConfiguration;
			buildSettings = {
				ALWAYS_SEARCH_USER_PATHS = NO;
				CLANG_CXX_LANGUAGE_STANDARD = "gnu++0x";
				CLANG_CXX_LIBRARY = "libc++";
				CLANG_ENABLE_MODULES = YES;
				CLANG_ENABLE_OBJC_ARC = YES;
				CLANG_WARN_BOOL_CONVERSION = YES;
				CLANG_WARN_CONSTANT_CONVERSION = YES;
				CLANG_WARN_DIRECT_OBJC_ISA_USAGE = YES_ERROR;
				CLANG_WARN_EMPTY_BODY = YES;
				CLANG_WARN_ENUM_CONVERSION = YES;
				CLANG_WARN_INT_CONVERSION = YES;
				CLANG_WARN_OBJC_ROOT_CLASS = YES_ERROR;
				CLANG_WARN__DUPLICATE_METHOD_MATCH = YES;
				"CODE_SIGN_IDENTITY[sdk=iphoneos*]" = "iPhone Developer";
				COPY_PHASE_STRIP = NO;
				GCC_C_LANGUAGE_STANDARD = gnu99;
				GCC_DYNAMIC_NO_PIC = NO;
				GCC_OPTIMIZATION_LEVEL = 0;
				GCC_PREPROCESSOR_DEFINITIONS = (
					"DEBUG=1",
					"$(inherited)",
				);
				GCC_SYMBOLS_PRIVATE_EXTERN = NO;
				GCC_WARN_64_TO_32_BIT_CONVERSION = YES;
				GCC_WARN_ABOUT_RETURN_TYPE = YES_ERROR;
				GCC_WARN_UNDECLARED_SELECTOR = YES;
				GCC_WARN_UNINITIALIZED_AUTOS = YES_AGGRESSIVE;
				GCC_WARN_UNUSED_FUNCTION = YES;
				GCC_WARN_UNUSED_VARIABLE = YES;
				IPHONEOS_DEPLOYMENT_TARGET = 7.1;
				ONLY_ACTIVE_ARCH = YES;
				SDKROOT = iphoneos;
			};
			name = Debug;
		};
		47F37CFB19DCE4C6009577E9 /* Release */ = {
			isa = XCBuildConfiguration;
			buildSettings = {
				ALWAYS_SEARCH_USER_PATHS = NO;
				CLANG_CXX_LANGUAGE_STANDARD = "gnu++0x";
				CLANG_CXX_LIBRARY = "libc++";
				CLANG_ENABLE_MODULES = YES;
				CLANG_ENABLE_OBJC_ARC = YES;
				CLANG_WARN_BOOL_CONVERSION = YES;
				CLANG_WARN_CONSTANT_CONVERSION = YES;
				CLANG_WARN_DIRECT_OBJC_ISA_USAGE = YES_ERROR;
				CLANG_WARN_EMPTY_BODY = YES;
				CLANG_WARN_ENUM_CONVERSION = YES;
				CLANG_WARN_INT_CONVERSION = YES;
				CLANG_WARN_OBJC_ROOT_CLASS = YES_ERROR;
				CLANG_WARN__DUPLICATE_METHOD_MATCH = YES;
				"CODE_SIGN_IDENTITY[sdk=iphoneos*]" = "iPhone Developer";
				COPY_PHASE_STRIP = YES;
				ENABLE_NS_ASSERTIONS = NO;
				GCC_C_LANGUAGE_STANDARD = gnu99;
				GCC_WARN_64_TO_32_BIT_CONVERSION = YES;
				GCC_WARN_ABOUT_RETURN_TYPE = YES_ERROR;
				GCC_WARN_UNDECLARED_SELECTOR = YES;
				GCC_WARN_UNINITIALIZED_AUTOS = YES_AGGRESSIVE;
				GCC_WARN_UNUSED_FUNCTION = YES;
				GCC_WARN_UNUSED_VARIABLE = YES;
				IPHONEOS_DEPLOYMENT_TARGET = 7.1;
				SDKROOT = iphoneos;
				VALIDATE_PRODUCT = YES;
			};
			name = Release;
		};
		47F37CFD19DCE4C6009577E9 /* Debug */ = {
			isa = XCBuildConfiguration;
			buildSettings = {
				ASSETCATALOG_COMPILER_APPICON_NAME = AppIcon;
				ASSETCATALOG_COMPILER_LAUNCHIMAGE_NAME = LaunchImage;
				GCC_PRECOMPILE_PREFIX_HEADER = YES;
				GCC_PREFIX_HEADER = "UWMap/UWMap-Prefix.pch";
				INFOPLIST_FILE = "UWMap/UWMap-Info.plist";
				PRODUCT_NAME = "$(TARGET_NAME)";
				WRAPPER_EXTENSION = app;
			};
			name = Debug;
		};
		47F37CFE19DCE4C6009577E9 /* Release */ = {
			isa = XCBuildConfiguration;
			buildSettings = {
				ASSETCATALOG_COMPILER_APPICON_NAME = AppIcon;
				ASSETCATALOG_COMPILER_LAUNCHIMAGE_NAME = LaunchImage;
				GCC_PRECOMPILE_PREFIX_HEADER = YES;
				GCC_PREFIX_HEADER = "UWMap/UWMap-Prefix.pch";
				INFOPLIST_FILE = "UWMap/UWMap-Info.plist";
				PRODUCT_NAME = "$(TARGET_NAME)";
				WRAPPER_EXTENSION = app;
			};
			name = Release;
		};
		47F37D0019DCE4C6009577E9 /* Debug */ = {
			isa = XCBuildConfiguration;
			buildSettings = {
				BUNDLE_LOADER = "$(BUILT_PRODUCTS_DIR)/UWMap.app/UWMap";
				FRAMEWORK_SEARCH_PATHS = (
					"$(SDKROOT)/Developer/Library/Frameworks",
					"$(inherited)",
					"$(DEVELOPER_FRAMEWORKS_DIR)",
				);
				GCC_PRECOMPILE_PREFIX_HEADER = YES;
				GCC_PREFIX_HEADER = "UWMap/UWMap-Prefix.pch";
				GCC_PREPROCESSOR_DEFINITIONS = (
					"DEBUG=1",
					"$(inherited)",
				);
				INFOPLIST_FILE = "UWMapTests/UWMapTests-Info.plist";
				PRODUCT_NAME = "$(TARGET_NAME)";
				TEST_HOST = "$(BUNDLE_LOADER)";
				WRAPPER_EXTENSION = xctest;
			};
			name = Debug;
		};
		47F37D0119DCE4C6009577E9 /* Release */ = {
			isa = XCBuildConfiguration;
			buildSettings = {
				BUNDLE_LOADER = "$(BUILT_PRODUCTS_DIR)/UWMap.app/UWMap";
				FRAMEWORK_SEARCH_PATHS = (
					"$(SDKROOT)/Developer/Library/Frameworks",
					"$(inherited)",
					"$(DEVELOPER_FRAMEWORKS_DIR)",
				);
				GCC_PRECOMPILE_PREFIX_HEADER = YES;
				GCC_PREFIX_HEADER = "UWMap/UWMap-Prefix.pch";
				INFOPLIST_FILE = "UWMapTests/UWMapTests-Info.plist";
				PRODUCT_NAME = "$(TARGET_NAME)";
				TEST_HOST = "$(BUNDLE_LOADER)";
				WRAPPER_EXTENSION = xctest;
			};
			name = Release;
		};
/* End XCBuildConfiguration section */

/* Begin XCConfigurationList section */
		47F37CC219DCE4C6009577E9 /* Build configuration list for PBXProject "UWMap" */ = {
			isa = XCConfigurationList;
			buildConfigurations = (
				47F37CFA19DCE4C6009577E9 /* Debug */,
				47F37CFB19DCE4C6009577E9 /* Release */,
			);
			defaultConfigurationIsVisible = 0;
			defaultConfigurationName = Release;
		};
		47F37CFC19DCE4C6009577E9 /* Build configuration list for PBXNativeTarget "UWMap" */ = {
			isa = XCConfigurationList;
			buildConfigurations = (
				47F37CFD19DCE4C6009577E9 /* Debug */,
				47F37CFE19DCE4C6009577E9 /* Release */,
			);
			defaultConfigurationIsVisible = 0;
			defaultConfigurationName = Release;
		};
		47F37CFF19DCE4C6009577E9 /* Build configuration list for PBXNativeTarget "UWMapTests" */ = {
			isa = XCConfigurationList;
			buildConfigurations = (
				47F37D0019DCE4C6009577E9 /* Debug */,
				47F37D0119DCE4C6009577E9 /* Release */,
			);
			defaultConfigurationIsVisible = 0;
			defaultConfigurationName = Release;
		};
/* End XCConfigurationList section */
	};
	rootObject = 47F37CBF19DCE4C6009577E9 /* Project object */;
}
